
Microsoft Visual Studio Solution File, Format Version 12.00
# Visual Studio Version 17
VisualStudioVersion = 17.14.36705.20
MinimumVisualStudioVersion = 10.0.40219.1
Project("{2150E333-8FDC-42A3-9474-1A3956D46DE8}") = "sources", "sources", "{02EA681E-C7D8-13C7-8484-4AC65E1B71E8}"
EndProject
Project("{2150E333-8FDC-42A3-9474-1A3956D46DE8}") = "Infrastructure", "Infrastructure", "{053A559F-C2F0-4D28-9D3E-91F4425EB509}"
EndProject
Project("{2150E333-8FDC-42A3-9474-1A3956D46DE8}") = "Core", "Core", "{0F73129E-142C-4FAF-9758-F32D1A74E885}"
EndProject
Project("{2150E333-8FDC-42A3-9474-1A3956D46DE8}") = "UserInterfaces", "UserInterfaces", "{D0DAC521-F50B-40C0-965F-E42AEE70C135}"
EndProject
Project("{2150E333-8FDC-42A3-9474-1A3956D46DE8}") = "Console", "Console", "{9515FDE9-1FBA-444A-897E-7241C36A0137}"
EndProject
Project("{FAE04EC0-301F-11D3-BF4B-00C04F79EFBC}") = "LibraryAppConsole", "LibraryAppConsole\LibraryAppConsole.csproj", "{3F273A17-8345-45F7-829D-7C4F9DA55DF8}"
EndProject
Project("{FAE04EC0-301F-11D3-BF4B-00C04F79EFBC}") = "DomainModel", "DomainModel\DomainModel.csproj", "{652278A4-07B1-49D7-8DE9-B3EFAFC3177D}"
EndProject
Project("{FAE04EC0-301F-11D3-BF4B-00C04F79EFBC}") = "TestDomainModel", "TestDomainModel\TestDomainModel.csproj", "{7BC95DC1-3B22-4940-906E-7CF215EE95C5}"
EndProject
Project("{FAE04EC0-301F-11D3-BF4B-00C04F79EFBC}") = "ServiceLayer", "ServiceLayer\ServiceLayer.csproj", "{69E8DE64-69F5-41F8-A329-0460CB67E037}"
EndProject
Project("{FAE04EC0-301F-11D3-BF4B-00C04F79EFBC}") = "TestServiceLayer", "TestServiceLayer\TestServiceLayer.csproj", "{8284C657-BB1C-4AC8-B78B-D43AD41DFF30}"
EndProject
Project("{FAE04EC0-301F-11D3-BF4B-00C04F79EFBC}") = "DataMapper", "DataMapper\DataMapper.csproj", "{66B7C594-4C38-4440-93D9-1447C8230901}"
EndProject
Project("{2150E333-8FDC-42A3-9474-1A3956D46DE8}") = "tests", "tests", "{624DB8B0-791C-4F88-AE7E-50A3DFDBF53B}"
EndProject
Global
	GlobalSection(SolutionConfigurationPlatforms) = preSolution
		Debug|Any CPU = Debug|Any CPU
		Release|Any CPU = Release|Any CPU
	EndGlobalSection
	GlobalSection(ProjectConfigurationPlatforms) = postSolution
		{3F273A17-8345-45F7-829D-7C4F9DA55DF8}.Debug|Any CPU.ActiveCfg = Debug|Any CPU
		{3F273A17-8345-45F7-829D-7C4F9DA55DF8}.Debug|Any CPU.Build.0 = Debug|Any CPU
		{3F273A17-8345-45F7-829D-7C4F9DA55DF8}.Release|Any CPU.ActiveCfg = Release|Any CPU
		{3F273A17-8345-45F7-829D-7C4F9DA55DF8}.Release|Any CPU.Build.0 = Release|Any CPU
		{652278A4-07B1-49D7-8DE9-B3EFAFC3177D}.Debug|Any CPU.ActiveCfg = Debug|Any CPU
		{652278A4-07B1-49D7-8DE9-B3EFAFC3177D}.Debug|Any CPU.Build.0 = Debug|Any CPU
		{652278A4-07B1-49D7-8DE9-B3EFAFC3177D}.Release|Any CPU.ActiveCfg = Release|Any CPU
		{652278A4-07B1-49D7-8DE9-B3EFAFC3177D}.Release|Any CPU.Build.0 = Release|Any CPU
		{7BC95DC1-3B22-4940-906E-7CF215EE95C5}.Debug|Any CPU.ActiveCfg = Debug|Any CPU
		{7BC95DC1-3B22-4940-906E-7CF215EE95C5}.Debug|Any CPU.Build.0 = Debug|Any CPU
		{7BC95DC1-3B22-4940-906E-7CF215EE95C5}.Release|Any CPU.ActiveCfg = Release|Any CPU
		{7BC95DC1-3B22-4940-906E-7CF215EE95C5}.Release|Any CPU.Build.0 = Release|Any CPU
		{69E8DE64-69F5-41F8-A329-0460CB67E037}.Debug|Any CPU.ActiveCfg = Debug|Any CPU
		{69E8DE64-69F5-41F8-A329-0460CB67E037}.Debug|Any CPU.Build.0 = Debug|Any CPU
		{69E8DE64-69F5-41F8-A329-0460CB67E037}.Release|Any CPU.ActiveCfg = Release|Any CPU
		{69E8DE64-69F5-41F8-A329-0460CB67E037}.Release|Any CPU.Build.0 = Release|Any CPU
		{8284C657-BB1C-4AC8-B78B-D43AD41DFF30}.Debug|Any CPU.ActiveCfg = Debug|Any CPU
		{8284C657-BB1C-4AC8-B78B-D43AD41DFF30}.Debug|Any CPU.Build.0 = Debug|Any CPU
		{8284C657-BB1C-4AC8-B78B-D43AD41DFF30}.Release|Any CPU.ActiveCfg = Release|Any CPU
		{8284C657-BB1C-4AC8-B78B-D43AD41DFF30}.Release|Any CPU.Build.0 = Release|Any CPU
		{66B7C594-4C38-4440-93D9-1447C8230901}.Debug|Any CPU.ActiveCfg = Debug|Any CPU
		{66B7C594-4C38-4440-93D9-1447C8230901}.Debug|Any CPU.Build.0 = Debug|Any CPU
		{66B7C594-4C38-4440-93D9-1447C8230901}.Release|Any CPU.ActiveCfg = Release|Any CPU
		{66B7C594-4C38-4440-93D9-1447C8230901}.Release|Any CPU.Build.0 = Release|Any CPU
	EndGlobalSection
	GlobalSection(SolutionProperties) = preSolution
		HideSolutionNode = FALSE
	EndGlobalSection
	GlobalSection(NestedProjects) = preSolution
		{053A559F-C2F0-4D28-9D3E-91F4425EB509} = {02EA681E-C7D8-13C7-8484-4AC65E1B71E8}
		{0F73129E-142C-4FAF-9758-F32D1A74E885} = {02EA681E-C7D8-13C7-8484-4AC65E1B71E8}
		{D0DAC521-F50B-40C0-965F-E42AEE70C135} = {02EA681E-C7D8-13C7-8484-4AC65E1B71E8}
		{9515FDE9-1FBA-444A-897E-7241C36A0137} = {D0DAC521-F50B-40C0-965F-E42AEE70C135}
		{3F273A17-8345-45F7-829D-7C4F9DA55DF8} = {9515FDE9-1FBA-444A-897E-7241C36A0137}
		{652278A4-07B1-49D7-8DE9-B3EFAFC3177D} = {0F73129E-142C-4FAF-9758-F32D1A74E885}
		{7BC95DC1-3B22-4940-906E-7CF215EE95C5} = {624DB8B0-791C-4F88-AE7E-50A3DFDBF53B}
		{69E8DE64-69F5-41F8-A329-0460CB67E037} = {0F73129E-142C-4FAF-9758-F32D1A74E885}
		{8284C657-BB1C-4AC8-B78B-D43AD41DFF30} = {624DB8B0-791C-4F88-AE7E-50A3DFDBF53B}
		{66B7C594-4C38-4440-93D9-1447C8230901} = {053A559F-C2F0-4D28-9D3E-91F4425EB509}
	EndGlobalSection
	GlobalSection(ExtensibilityGlobals) = postSolution
		SolutionGuid = {A67B441E-C504-4087-8DF1-F40FA4893D21}
	EndGlobalSection
EndGlobal
